// !$*UTF8*$!
{
	archiveVersion = 1;
	classes = {
	};
	objectVersion = 46;
	objects = {

/* Begin PBXFileReference section */
		F12D204218C9F8730044FAF4 /* baseAstroObj.py */ = {isa = PBXFileReference; lastKnownFileType = text.script.python; name = baseAstroObj.py; path = src/baseAstroObj.py; sourceTree = "<group>"; };
		F12D204418CA0CC30044FAF4 /* __init__.py */ = {isa = PBXFileReference; lastKnownFileType = text.script.python; name = __init__.py; path = src/__init__.py; sourceTree = "<group>"; };
		F12D204518CA0F770044FAF4 /* auxiliar.py */ = {isa = PBXFileReference; lastKnownFileType = text.script.python; path = auxiliar.py; sourceTree = "<group>"; };
		F1C6A37C18CC221800B41655 /* starIso.py */ = {isa = PBXFileReference; lastKnownFileType = text.script.python; name = starIso.py; path = src/starIso.py; sourceTree = "<group>"; };
		F1C6A37F18CC23FE00B41655 /* testFlux_01.py */ = {isa = PBXFileReference; lastKnownFileType = text.script.python; path = testFlux_01.py; sourceTree = "<group>"; };
		F1F8F58818CEB012006B551B /* testFlux_02.py */ = {isa = PBXFileReference; lastKnownFileType = text.script.python; path = testFlux_02.py; sourceTree = "<group>"; };
		F1F8F58918CEB044006B551B /* starBin.py */ = {isa = PBXFileReference; lastKnownFileType = text.script.python; name = starBin.py; path = src/starBin.py; sourceTree = "<group>"; };
/* End PBXFileReference section */

/* Begin PBXGroup section */
		F12D203B18C9F7EE0044FAF4 = {
			isa = PBXGroup;
			children = (
				F12D204318CA0CAE0044FAF4 /* src */,
				F1C6A37D18CC233400B41655 /* tst */,
			);
			sourceTree = "<group>";
		};
		F12D204318CA0CAE0044FAF4 /* src */ = {
			isa = PBXGroup;
			children = (
				F12D204218C9F8730044FAF4 /* baseAstroObj.py */,
				F1C6A37C18CC221800B41655 /* starIso.py */,
				F1F8F58918CEB044006B551B /* starBin.py */,
				F12D204518CA0F770044FAF4 /* auxiliar.py */,
				F12D204418CA0CC30044FAF4 /* __init__.py */,
			);
			name = src;
			sourceTree = "<group>";
		};
		F1C6A37D18CC233400B41655 /* tst */ = {
			isa = PBXGroup;
			children = (
				F1C6A37F18CC23FE00B41655 /* testFlux_01.py */,
				F1F8F58818CEB012006B551B /* testFlux_02.py */,
			);
			name = tst;
			sourceTree = "<group>";
		};
/* End PBXGroup section */

/* Begin PBXProject section */
		F12D203C18C9F7EE0044FAF4 /* Project object */ = {
			isa = PBXProject;
			attributes = {
				LastUpgradeCheck = 0500;
			};
			buildConfigurationList = F12D203F18C9F7EE0044FAF4 /* Build configuration list for PBXProject "StarMod" */;
			compatibilityVersion = "Xcode 3.2";
			developmentRegion = English;
			hasScannedForEncodings = 0;
			knownRegions = (
				en,
			);
			mainGroup = F12D203B18C9F7EE0044FAF4;
			projectDirPath = "";
			projectRoot = "";
			targets = (
			);
		};
/* End PBXProject section */

/* Begin XCBuildConfiguration section */
		F12D204018C9F7EE0044FAF4 /* Debug */ = {
			isa = XCBuildConfiguration;
			buildSettings = {
			};
			name = Debug;
		};
		F12D204118C9F7EE0044FAF4 /* Release */ = {
			isa = XCBuildConfiguration;
			buildSettings = {
			};
			name = Release;
		};
/* End XCBuildConfiguration section */

/* Begin XCConfigurationList section */
		F12D203F18C9F7EE0044FAF4 /* Build configuration list for PBXProject "StarMod" */ = {
			isa = XCConfigurationList;
			buildConfigurations = (
				F12D204018C9F7EE0044FAF4 /* Debug */,
				F12D204118C9F7EE0044FAF4 /* Release */,
			);
			defaultConfigurationIsVisible = 0;
			defaultConfigurationName = Release;
		};
/* End XCConfigurationList section */
	};
	rootObject = F12D203C18C9F7EE0044FAF4 /* Project object */;
}
